Microsoft Visual Studio Solution File, Format Version 11.00
# Visual Studio 2008

Project("{760C4A70-343A-00AA-F6B3-121B741FE4CE}") = "20135339", "Assembly-CSharp.csproj", "{65F4C3DF-A86D-731F-C16A-A72B96D68752}"
EndProject
Global
	GlobalSection(SolutionConfigurationPlatforms) = preSolution
		Debug|Any CPU = Debug|Any CPU
		Release|Any CPU = Release|Any CPU
	EndGlobalSection
	GlobalSection(ProjectConfigurationPlatforms) = postSolution
		{65F4C3DF-A86D-731F-C16A-A72B96D68752}.Debug|Any CPU.ActiveCfg = Debug|Any CPU
		{65F4C3DF-A86D-731F-C16A-A72B96D68752}.Debug|Any CPU.Build.0 = Debug|Any CPU
		{65F4C3DF-A86D-731F-C16A-A72B96D68752}.Release|Any CPU.ActiveCfg = Release|Any CPU
		{65F4C3DF-A86D-731F-C16A-A72B96D68752}.Release|Any CPU.Build.0 = Release|Any CPU
	EndGlobalSection
	GlobalSection(SolutionProperties) = preSolution
		HideSolutionNode = FALSE
	EndGlobalSection
	GlobalSection(MonoDevelopProperties) = preSolution
		StartupItem = Assembly-CSharp.csproj
	EndGlobalSection
EndGlobal
